
Microsoft Visual Studio Solution File, Format Version 12.00
# Visual Studio Version 17
VisualStudioVersion = 17.0.31903.59
MinimumVisualStudioVersion = 10.0.40219.1
Project("{2150E333-8FDC-42A3-9474-1A3956D46DE8}") = "src", "src", "{78A4C627-4556-4CFB-BB5B-4F925F3D952D}"
EndProject
Project("{FAE04EC0-301F-11D3-BF4B-00C04F79EFBC}") = "TeleFlow.Abstractions", "src\TeleFlow.Abstractions\TeleFlow.Abstractions.csproj", "{8AE0A672-14CC-4C72-A45D-A5CAE53321FF}"
EndProject
Project("{FAE04EC0-301F-11D3-BF4B-00C04F79EFBC}") = "TeleFlow.Core", "src\TeleFlow.Core\TeleFlow.Core.csproj", "{FD819725-4526-4070-94BE-D700E415DC3B}"
EndProject
Project("{FAE04EC0-301F-11D3-BF4B-00C04F79EFBC}") = "TeleFlow.DependencyInjection", "src\TeleFlow.DependencyInjection\TeleFlow.DependencyInjection.csproj", "{677C1493-5429-4AAE-AE08-8440DFEB8A66}"
EndProject
Project("{FAE04EC0-301F-11D3-BF4B-00C04F79EFBC}") = "TeleFlow.Hosting.Polling", "src\TeleFlow.Hosting.Polling\TeleFlow.Hosting.Polling.csproj", "{458E8ADB-6E52-4EEF-B36E-07064E434257}"
EndProject
Project("{2150E333-8FDC-42A3-9474-1A3956D46DE8}") = "meta", "meta", "{99B95A7B-6E3A-8797-9CF4-6F43D13D7E8B}"
EndProject
Project("{FAE04EC0-301F-11D3-BF4B-00C04F79EFBC}") = "TeleFlow", "src\meta\TeleFlow\TeleFlow.csproj", "{040FAC25-EF37-4431-B41B-2D573F87F064}"
EndProject
Project("{FAE04EC0-301F-11D3-BF4B-00C04F79EFBC}") = "TeleFlow.Polling", "src\meta\TeleFlow.Polling\TeleFlow.Polling.csproj", "{067B718A-1CAE-449E-AA4A-8FEDF8B919BA}"
EndProject
Project("{2150E333-8FDC-42A3-9474-1A3956D46DE8}") = "examples", "examples", "{B36A84DF-456D-A817-6EDD-3EC3E7F6E11F}"
EndProject
Project("{FAE04EC0-301F-11D3-BF4B-00C04F79EFBC}") = "echo-bot-polling", "examples\echo-bot-polling\echo-bot-polling.csproj", "{CBC66009-413C-4301-B6E4-AC6768A78525}"
EndProject
Project("{FAE04EC0-301F-11D3-BF4B-00C04F79EFBC}") = "TeleFlow.Fluent", "src\TeleFlow.Fluent\TeleFlow.Fluent.csproj", "{A78AA644-EDEA-479C-B587-97A1C25F34C3}"
EndProject
Project("{FAE04EC0-301F-11D3-BF4B-00C04F79EFBC}") = "reg-bot", "examples\reg-bot\reg-bot.csproj", "{BE46C7EB-9BED-408C-B545-0E0D7A36795B}"
EndProject
Global
	GlobalSection(SolutionConfigurationPlatforms) = preSolution
		Debug|Any CPU = Debug|Any CPU
		Debug|x64 = Debug|x64
		Debug|x86 = Debug|x86
		Release|Any CPU = Release|Any CPU
		Release|x64 = Release|x64
		Release|x86 = Release|x86
	EndGlobalSection
	GlobalSection(ProjectConfigurationPlatforms) = postSolution
		{8AE0A672-14CC-4C72-A45D-A5CAE53321FF}.Debug|Any CPU.ActiveCfg = Debug|Any CPU
		{8AE0A672-14CC-4C72-A45D-A5CAE53321FF}.Debug|Any CPU.Build.0 = Debug|Any CPU
		{8AE0A672-14CC-4C72-A45D-A5CAE53321FF}.Debug|x64.ActiveCfg = Debug|Any CPU
		{8AE0A672-14CC-4C72-A45D-A5CAE53321FF}.Debug|x64.Build.0 = Debug|Any CPU
		{8AE0A672-14CC-4C72-A45D-A5CAE53321FF}.Debug|x86.ActiveCfg = Debug|Any CPU
		{8AE0A672-14CC-4C72-A45D-A5CAE53321FF}.Debug|x86.Build.0 = Debug|Any CPU
		{8AE0A672-14CC-4C72-A45D-A5CAE53321FF}.Release|Any CPU.ActiveCfg = Release|Any CPU
		{8AE0A672-14CC-4C72-A45D-A5CAE53321FF}.Release|Any CPU.Build.0 = Release|Any CPU
		{8AE0A672-14CC-4C72-A45D-A5CAE53321FF}.Release|x64.ActiveCfg = Release|Any CPU
		{8AE0A672-14CC-4C72-A45D-A5CAE53321FF}.Release|x64.Build.0 = Release|Any CPU
		{8AE0A672-14CC-4C72-A45D-A5CAE53321FF}.Release|x86.ActiveCfg = Release|Any CPU
		{8AE0A672-14CC-4C72-A45D-A5CAE53321FF}.Release|x86.Build.0 = Release|Any CPU
		{FD819725-4526-4070-94BE-D700E415DC3B}.Debug|Any CPU.ActiveCfg = Debug|Any CPU
		{FD819725-4526-4070-94BE-D700E415DC3B}.Debug|Any CPU.Build.0 = Debug|Any CPU
		{FD819725-4526-4070-94BE-D700E415DC3B}.Debug|x64.ActiveCfg = Debug|Any CPU
		{FD819725-4526-4070-94BE-D700E415DC3B}.Debug|x64.Build.0 = Debug|Any CPU
		{FD819725-4526-4070-94BE-D700E415DC3B}.Debug|x86.ActiveCfg = Debug|Any CPU
		{FD819725-4526-4070-94BE-D700E415DC3B}.Debug|x86.Build.0 = Debug|Any CPU
		{FD819725-4526-4070-94BE-D700E415DC3B}.Release|Any CPU.ActiveCfg = Release|Any CPU
		{FD819725-4526-4070-94BE-D700E415DC3B}.Release|Any CPU.Build.0 = Release|Any CPU
		{FD819725-4526-4070-94BE-D700E415DC3B}.Release|x64.ActiveCfg = Release|Any CPU
		{FD819725-4526-4070-94BE-D700E415DC3B}.Release|x64.Build.0 = Release|Any CPU
		{FD819725-4526-4070-94BE-D700E415DC3B}.Release|x86.ActiveCfg = Release|Any CPU
		{FD819725-4526-4070-94BE-D700E415DC3B}.Release|x86.Build.0 = Release|Any CPU
		{677C1493-5429-4AAE-AE08-8440DFEB8A66}.Debug|Any CPU.ActiveCfg = Debug|Any CPU
		{677C1493-5429-4AAE-AE08-8440DFEB8A66}.Debug|Any CPU.Build.0 = Debug|Any CPU
		{677C1493-5429-4AAE-AE08-8440DFEB8A66}.Debug|x64.ActiveCfg = Debug|Any CPU
		{677C1493-5429-4AAE-AE08-8440DFEB8A66}.Debug|x64.Build.0 = Debug|Any CPU
		{677C1493-5429-4AAE-AE08-8440DFEB8A66}.Debug|x86.ActiveCfg = Debug|Any CPU
		{677C1493-5429-4AAE-AE08-8440DFEB8A66}.Debug|x86.Build.0 = Debug|Any CPU
		{677C1493-5429-4AAE-AE08-8440DFEB8A66}.Release|Any CPU.ActiveCfg = Release|Any CPU
		{677C1493-5429-4AAE-AE08-8440DFEB8A66}.Release|Any CPU.Build.0 = Release|Any CPU
		{677C1493-5429-4AAE-AE08-8440DFEB8A66}.Release|x64.ActiveCfg = Release|Any CPU
		{677C1493-5429-4AAE-AE08-8440DFEB8A66}.Release|x64.Build.0 = Release|Any CPU
		{677C1493-5429-4AAE-AE08-8440DFEB8A66}.Release|x86.ActiveCfg = Release|Any CPU
		{677C1493-5429-4AAE-AE08-8440DFEB8A66}.Release|x86.Build.0 = Release|Any CPU
		{458E8ADB-6E52-4EEF-B36E-07064E434257}.Debug|Any CPU.ActiveCfg = Debug|Any CPU
		{458E8ADB-6E52-4EEF-B36E-07064E434257}.Debug|Any CPU.Build.0 = Debug|Any CPU
		{458E8ADB-6E52-4EEF-B36E-07064E434257}.Debug|x64.ActiveCfg = Debug|Any CPU
		{458E8ADB-6E52-4EEF-B36E-07064E434257}.Debug|x64.Build.0 = Debug|Any CPU
		{458E8ADB-6E52-4EEF-B36E-07064E434257}.Debug|x86.ActiveCfg = Debug|Any CPU
		{458E8ADB-6E52-4EEF-B36E-07064E434257}.Debug|x86.Build.0 = Debug|Any CPU
		{458E8ADB-6E52-4EEF-B36E-07064E434257}.Release|Any CPU.ActiveCfg = Release|Any CPU
		{458E8ADB-6E52-4EEF-B36E-07064E434257}.Release|Any CPU.Build.0 = Release|Any CPU
		{458E8ADB-6E52-4EEF-B36E-07064E434257}.Release|x64.ActiveCfg = Release|Any CPU
		{458E8ADB-6E52-4EEF-B36E-07064E434257}.Release|x64.Build.0 = Release|Any CPU
		{458E8ADB-6E52-4EEF-B36E-07064E434257}.Release|x86.ActiveCfg = Release|Any CPU
		{458E8ADB-6E52-4EEF-B36E-07064E434257}.Release|x86.Build.0 = Release|Any CPU
		{040FAC25-EF37-4431-B41B-2D573F87F064}.Debug|Any CPU.ActiveCfg = Debug|Any CPU
		{040FAC25-EF37-4431-B41B-2D573F87F064}.Debug|Any CPU.Build.0 = Debug|Any CPU
		{040FAC25-EF37-4431-B41B-2D573F87F064}.Debug|x64.ActiveCfg = Debug|Any CPU
		{040FAC25-EF37-4431-B41B-2D573F87F064}.Debug|x64.Build.0 = Debug|Any CPU
		{040FAC25-EF37-4431-B41B-2D573F87F064}.Debug|x86.ActiveCfg = Debug|Any CPU
		{040FAC25-EF37-4431-B41B-2D573F87F064}.Debug|x86.Build.0 = Debug|Any CPU
		{040FAC25-EF37-4431-B41B-2D573F87F064}.Release|Any CPU.ActiveCfg = Release|Any CPU
		{040FAC25-EF37-4431-B41B-2D573F87F064}.Release|Any CPU.Build.0 = Release|Any CPU
		{040FAC25-EF37-4431-B41B-2D573F87F064}.Release|x64.ActiveCfg = Release|Any CPU
		{040FAC25-EF37-4431-B41B-2D573F87F064}.Release|x64.Build.0 = Release|Any CPU
		{040FAC25-EF37-4431-B41B-2D573F87F064}.Release|x86.ActiveCfg = Release|Any CPU
		{040FAC25-EF37-4431-B41B-2D573F87F064}.Release|x86.Build.0 = Release|Any CPU
		{067B718A-1CAE-449E-AA4A-8FEDF8B919BA}.Debug|Any CPU.ActiveCfg = Debug|Any CPU
		{067B718A-1CAE-449E-AA4A-8FEDF8B919BA}.Debug|Any CPU.Build.0 = Debug|Any CPU
		{067B718A-1CAE-449E-AA4A-8FEDF8B919BA}.Debug|x64.ActiveCfg = Debug|Any CPU
		{067B718A-1CAE-449E-AA4A-8FEDF8B919BA}.Debug|x64.Build.0 = Debug|Any CPU
		{067B718A-1CAE-449E-AA4A-8FEDF8B919BA}.Debug|x86.ActiveCfg = Debug|Any CPU
		{067B718A-1CAE-449E-AA4A-8FEDF8B919BA}.Debug|x86.Build.0 = Debug|Any CPU
		{067B718A-1CAE-449E-AA4A-8FEDF8B919BA}.Release|Any CPU.ActiveCfg = Release|Any CPU
		{067B718A-1CAE-449E-AA4A-8FEDF8B919BA}.Release|Any CPU.Build.0 = Release|Any CPU
		{067B718A-1CAE-449E-AA4A-8FEDF8B919BA}.Release|x64.ActiveCfg = Release|Any CPU
		{067B718A-1CAE-449E-AA4A-8FEDF8B919BA}.Release|x64.Build.0 = Release|Any CPU
		{067B718A-1CAE-449E-AA4A-8FEDF8B919BA}.Release|x86.ActiveCfg = Release|Any CPU
		{067B718A-1CAE-449E-AA4A-8FEDF8B919BA}.Release|x86.Build.0 = Release|Any CPU
		{CBC66009-413C-4301-B6E4-AC6768A78525}.Debug|Any CPU.ActiveCfg = Debug|Any CPU
		{CBC66009-413C-4301-B6E4-AC6768A78525}.Debug|Any CPU.Build.0 = Debug|Any CPU
		{CBC66009-413C-4301-B6E4-AC6768A78525}.Debug|x64.ActiveCfg = Debug|Any CPU
		{CBC66009-413C-4301-B6E4-AC6768A78525}.Debug|x64.Build.0 = Debug|Any CPU
		{CBC66009-413C-4301-B6E4-AC6768A78525}.Debug|x86.ActiveCfg = Debug|Any CPU
		{CBC66009-413C-4301-B6E4-AC6768A78525}.Debug|x86.Build.0 = Debug|Any CPU
		{CBC66009-413C-4301-B6E4-AC6768A78525}.Release|Any CPU.ActiveCfg = Release|Any CPU
		{CBC66009-413C-4301-B6E4-AC6768A78525}.Release|Any CPU.Build.0 = Release|Any CPU
		{CBC66009-413C-4301-B6E4-AC6768A78525}.Release|x64.ActiveCfg = Release|Any CPU
		{CBC66009-413C-4301-B6E4-AC6768A78525}.Release|x64.Build.0 = Release|Any CPU
		{CBC66009-413C-4301-B6E4-AC6768A78525}.Release|x86.ActiveCfg = Release|Any CPU
		{CBC66009-413C-4301-B6E4-AC6768A78525}.Release|x86.Build.0 = Release|Any CPU
		{A78AA644-EDEA-479C-B587-97A1C25F34C3}.Debug|Any CPU.ActiveCfg = Debug|Any CPU
		{A78AA644-EDEA-479C-B587-97A1C25F34C3}.Debug|Any CPU.Build.0 = Debug|Any CPU
		{A78AA644-EDEA-479C-B587-97A1C25F34C3}.Debug|x64.ActiveCfg = Debug|Any CPU
		{A78AA644-EDEA-479C-B587-97A1C25F34C3}.Debug|x64.Build.0 = Debug|Any CPU
		{A78AA644-EDEA-479C-B587-97A1C25F34C3}.Debug|x86.ActiveCfg = Debug|Any CPU
		{A78AA644-EDEA-479C-B587-97A1C25F34C3}.Debug|x86.Build.0 = Debug|Any CPU
		{A78AA644-EDEA-479C-B587-97A1C25F34C3}.Release|Any CPU.ActiveCfg = Release|Any CPU
		{A78AA644-EDEA-479C-B587-97A1C25F34C3}.Release|Any CPU.Build.0 = Release|Any CPU
		{A78AA644-EDEA-479C-B587-97A1C25F34C3}.Release|x64.ActiveCfg = Release|Any CPU
		{A78AA644-EDEA-479C-B587-97A1C25F34C3}.Release|x64.Build.0 = Release|Any CPU
		{A78AA644-EDEA-479C-B587-97A1C25F34C3}.Release|x86.ActiveCfg = Release|Any CPU
		{A78AA644-EDEA-479C-B587-97A1C25F34C3}.Release|x86.Build.0 = Release|Any CPU
		{BE46C7EB-9BED-408C-B545-0E0D7A36795B}.Debug|Any CPU.ActiveCfg = Debug|Any CPU
		{BE46C7EB-9BED-408C-B545-0E0D7A36795B}.Debug|Any CPU.Build.0 = Debug|Any CPU
		{BE46C7EB-9BED-408C-B545-0E0D7A36795B}.Debug|x64.ActiveCfg = Debug|Any CPU
		{BE46C7EB-9BED-408C-B545-0E0D7A36795B}.Debug|x64.Build.0 = Debug|Any CPU
		{BE46C7EB-9BED-408C-B545-0E0D7A36795B}.Debug|x86.ActiveCfg = Debug|Any CPU
		{BE46C7EB-9BED-408C-B545-0E0D7A36795B}.Debug|x86.Build.0 = Debug|Any CPU
		{BE46C7EB-9BED-408C-B545-0E0D7A36795B}.Release|Any CPU.ActiveCfg = Release|Any CPU
		{BE46C7EB-9BED-408C-B545-0E0D7A36795B}.Release|Any CPU.Build.0 = Release|Any CPU
		{BE46C7EB-9BED-408C-B545-0E0D7A36795B}.Release|x64.ActiveCfg = Release|Any CPU
		{BE46C7EB-9BED-408C-B545-0E0D7A36795B}.Release|x64.Build.0 = Release|Any CPU
		{BE46C7EB-9BED-408C-B545-0E0D7A36795B}.Release|x86.ActiveCfg = Release|Any CPU
		{BE46C7EB-9BED-408C-B545-0E0D7A36795B}.Release|x86.Build.0 = Release|Any CPU
	EndGlobalSection
	GlobalSection(SolutionProperties) = preSolution
		HideSolutionNode = FALSE
	EndGlobalSection
	GlobalSection(NestedProjects) = preSolution
		{99B95A7B-6E3A-8797-9CF4-6F43D13D7E8B} = {78A4C627-4556-4CFB-BB5B-4F925F3D952D}
		{040FAC25-EF37-4431-B41B-2D573F87F064} = {99B95A7B-6E3A-8797-9CF4-6F43D13D7E8B}
		{067B718A-1CAE-449E-AA4A-8FEDF8B919BA} = {99B95A7B-6E3A-8797-9CF4-6F43D13D7E8B}
		{CBC66009-413C-4301-B6E4-AC6768A78525} = {B36A84DF-456D-A817-6EDD-3EC3E7F6E11F}
		{A78AA644-EDEA-479C-B587-97A1C25F34C3} = {78A4C627-4556-4CFB-BB5B-4F925F3D952D}
		{8AE0A672-14CC-4C72-A45D-A5CAE53321FF} = {78A4C627-4556-4CFB-BB5B-4F925F3D952D}
		{FD819725-4526-4070-94BE-D700E415DC3B} = {78A4C627-4556-4CFB-BB5B-4F925F3D952D}
		{677C1493-5429-4AAE-AE08-8440DFEB8A66} = {78A4C627-4556-4CFB-BB5B-4F925F3D952D}
		{458E8ADB-6E52-4EEF-B36E-07064E434257} = {78A4C627-4556-4CFB-BB5B-4F925F3D952D}
		{BE46C7EB-9BED-408C-B545-0E0D7A36795B} = {B36A84DF-456D-A817-6EDD-3EC3E7F6E11F}
	EndGlobalSection
EndGlobal
